
Microsoft Visual Studio Solution File, Format Version 12.00
# Visual Studio Version 16
VisualStudioVersion = 16.0.30517.126
MinimumVisualStudioVersion = 10.0.40219.1
Project("{FAE04EC0-301F-11D3-BF4B-00C04F79EFBC}") = "PedidoWeb", "PedidoWeb\PedidoWeb.csproj", "{58C523D8-76B2-4714-9D47-FB20D42CA11A}"
EndProject
Global
	GlobalSection(SolutionConfigurationPlatforms) = preSolution
		Debug|Any CPU = Debug|Any CPU
		Release|Any CPU = Release|Any CPU
	EndGlobalSection
	GlobalSection(ProjectConfigurationPlatforms) = postSolution
		{58C523D8-76B2-4714-9D47-FB20D42CA11A}.Debug|Any CPU.ActiveCfg = Debug|Any CPU
		{58C523D8-76B2-4714-9D47-FB20D42CA11A}.Debug|Any CPU.Build.0 = Debug|Any CPU
		{58C523D8-76B2-4714-9D47-FB20D42CA11A}.Release|Any CPU.ActiveCfg = Release|Any CPU
		{58C523D8-76B2-4714-9D47-FB20D42CA11A}.Release|Any CPU.Build.0 = Release|Any CPU
	EndGlobalSection
	GlobalSection(SolutionProperties) = preSolution
		HideSolutionNode = FALSE
	EndGlobalSection
	GlobalSection(ExtensibilityGlobals) = postSolution
		SolutionGuid = {B95CA2F2-5852-45DE-AB24-A4C0B38A667B}
	EndGlobalSection
EndGlobal
